
Microsoft Visual Studio Solution File, Format Version 12.00
# Visual Studio Version 17
VisualStudioVersion = 17.8.34511.84
MinimumVisualStudioVersion = 10.0.40219.1
Project("{FAE04EC0-301F-11D3-BF4B-00C04F79EFBC}") = "Model", "Model\Model.csproj", "{AB666556-AB5C-4D88-9653-D1566F2D45E6}"
EndProject
Project("{FAE04EC0-301F-11D3-BF4B-00C04F79EFBC}") = "DataAcces", "DataAcces\DataAcces.csproj", "{302148DE-3F3F-4784-BF0D-EA4B170C84AF}"
EndProject
Project("{FAE04EC0-301F-11D3-BF4B-00C04F79EFBC}") = "Whatsapp", "Whatsapp\Whatsapp.csproj", "{F99E1902-154D-4B6A-BAB5-B553779A3DC1}"
EndProject
Global
	GlobalSection(SolutionConfigurationPlatforms) = preSolution
		Debug|Any CPU = Debug|Any CPU
		Release|Any CPU = Release|Any CPU
	EndGlobalSection
	GlobalSection(ProjectConfigurationPlatforms) = postSolution
		{AB666556-AB5C-4D88-9653-D1566F2D45E6}.Debug|Any CPU.ActiveCfg = Debug|Any CPU
		{AB666556-AB5C-4D88-9653-D1566F2D45E6}.Debug|Any CPU.Build.0 = Debug|Any CPU
		{AB666556-AB5C-4D88-9653-D1566F2D45E6}.Release|Any CPU.ActiveCfg = Release|Any CPU
		{AB666556-AB5C-4D88-9653-D1566F2D45E6}.Release|Any CPU.Build.0 = Release|Any CPU
		{302148DE-3F3F-4784-BF0D-EA4B170C84AF}.Debug|Any CPU.ActiveCfg = Debug|Any CPU
		{302148DE-3F3F-4784-BF0D-EA4B170C84AF}.Debug|Any CPU.Build.0 = Debug|Any CPU
		{302148DE-3F3F-4784-BF0D-EA4B170C84AF}.Release|Any CPU.ActiveCfg = Release|Any CPU
		{302148DE-3F3F-4784-BF0D-EA4B170C84AF}.Release|Any CPU.Build.0 = Release|Any CPU
		{F99E1902-154D-4B6A-BAB5-B553779A3DC1}.Debug|Any CPU.ActiveCfg = Debug|Any CPU
		{F99E1902-154D-4B6A-BAB5-B553779A3DC1}.Debug|Any CPU.Build.0 = Debug|Any CPU
		{F99E1902-154D-4B6A-BAB5-B553779A3DC1}.Release|Any CPU.ActiveCfg = Release|Any CPU
		{F99E1902-154D-4B6A-BAB5-B553779A3DC1}.Release|Any CPU.Build.0 = Release|Any CPU
	EndGlobalSection
	GlobalSection(SolutionProperties) = preSolution
		HideSolutionNode = FALSE
	EndGlobalSection
	GlobalSection(ExtensibilityGlobals) = postSolution
		SolutionGuid = {7B8FF9D7-E228-4DA8-B774-C70A2EF49D97}
	EndGlobalSection
EndGlobal
